
Microsoft Visual Studio Solution File, Format Version 12.00
# Visual Studio 2013
VisualStudioVersion = 12.0.21005.1
MinimumVisualStudioVersion = 10.0.40219.1
Project("{FAE04EC0-301F-11D3-BF4B-00C04F79EFBC}") = "TryMuffin", "TryMuffin\TryMuffin.csproj", "{A8DF71E4-3912-496C-9800-8CC5E727DCE0}"
EndProject
Project("{FAE04EC0-301F-11D3-BF4B-00C04F79EFBC}") = "TryMuffin.Tests", "TryMuffin.Tests\TryMuffin.Tests.csproj", "{90460BB8-268A-4350-87B2-25343749E390}"
EndProject
Global
	GlobalSection(SolutionConfigurationPlatforms) = preSolution
		Debug|Any CPU = Debug|Any CPU
		Release|Any CPU = Release|Any CPU
	EndGlobalSection
	GlobalSection(ProjectConfigurationPlatforms) = postSolution
		{A8DF71E4-3912-496C-9800-8CC5E727DCE0}.Debug|Any CPU.ActiveCfg = Debug|Any CPU
		{A8DF71E4-3912-496C-9800-8CC5E727DCE0}.Debug|Any CPU.Build.0 = Debug|Any CPU
		{A8DF71E4-3912-496C-9800-8CC5E727DCE0}.Release|Any CPU.ActiveCfg = Release|Any CPU
		{A8DF71E4-3912-496C-9800-8CC5E727DCE0}.Release|Any CPU.Build.0 = Release|Any CPU
		{90460BB8-268A-4350-87B2-25343749E390}.Debug|Any CPU.ActiveCfg = Debug|Any CPU
		{90460BB8-268A-4350-87B2-25343749E390}.Debug|Any CPU.Build.0 = Debug|Any CPU
		{90460BB8-268A-4350-87B2-25343749E390}.Release|Any CPU.ActiveCfg = Release|Any CPU
		{90460BB8-268A-4350-87B2-25343749E390}.Release|Any CPU.Build.0 = Release|Any CPU
	EndGlobalSection
	GlobalSection(SolutionProperties) = preSolution
		HideSolutionNode = FALSE
	EndGlobalSection
EndGlobal
